
Microsoft Visual Studio Solution File, Format Version 12.00
# Visual Studio Version 16
VisualStudioVersion = 16.0.29123.88
MinimumVisualStudioVersion = 10.0.40219.1
Project("{9A19103F-16F7-4668-BE54-9A1E7A4F7556}") = "Reloaded.Hooks.ReloadedII", "Reloaded.Hooks.ReloadedII\Reloaded.Hooks.ReloadedII.csproj", "{1F10ECFE-6D8C-456A-97A8-5AB875AD340A}"
EndProject
Project("{FAE04EC0-301F-11D3-BF4B-00C04F79EFBC}") = "Reloaded.Hooks.ReloadedII.Interfaces", "Reloaded.Hooks.ReloadedII.Interfaces\Reloaded.Hooks.ReloadedII.Interfaces.csproj", "{5AD202A3-EA2D-4D42-A18A-47BC5EC74480}"
EndProject
Global
	GlobalSection(SolutionConfigurationPlatforms) = preSolution
		Debug|Any CPU = Debug|Any CPU
		Release|Any CPU = Release|Any CPU
	EndGlobalSection
	GlobalSection(ProjectConfigurationPlatforms) = postSolution
		{1F10ECFE-6D8C-456A-97A8-5AB875AD340A}.Debug|Any CPU.ActiveCfg = Debug|Any CPU
		{1F10ECFE-6D8C-456A-97A8-5AB875AD340A}.Debug|Any CPU.Build.0 = Debug|Any CPU
		{1F10ECFE-6D8C-456A-97A8-5AB875AD340A}.Release|Any CPU.ActiveCfg = Release|Any CPU
		{1F10ECFE-6D8C-456A-97A8-5AB875AD340A}.Release|Any CPU.Build.0 = Release|Any CPU
		{5AD202A3-EA2D-4D42-A18A-47BC5EC74480}.Debug|Any CPU.ActiveCfg = Debug|Any CPU
		{5AD202A3-EA2D-4D42-A18A-47BC5EC74480}.Debug|Any CPU.Build.0 = Debug|Any CPU
		{5AD202A3-EA2D-4D42-A18A-47BC5EC74480}.Release|Any CPU.ActiveCfg = Release|Any CPU
		{5AD202A3-EA2D-4D42-A18A-47BC5EC74480}.Release|Any CPU.Build.0 = Release|Any CPU
	EndGlobalSection
	GlobalSection(SolutionProperties) = preSolution
		HideSolutionNode = FALSE
	EndGlobalSection
	GlobalSection(ExtensibilityGlobals) = postSolution
		SolutionGuid = {E7BFBF83-6B66-47DA-91BF-7DDE3FE0C71A}
	EndGlobalSection
EndGlobal
